
Microsoft Visual Studio Solution File, Format Version 12.00
# Visual Studio Version 16
VisualStudioVersion = 16.0.30114.105
MinimumVisualStudioVersion = 10.0.40219.1
Project("{FAE04EC0-301F-11D3-BF4B-00C04F79EFBC}") = "NumbDecomposer.Service", "NumbDecomposer.Service\NumbDecomposer.Service.csproj", "{53D792ED-1931-449B-90C8-3936182EDB0E}"
EndProject
Project("{FAE04EC0-301F-11D3-BF4B-00C04F79EFBC}") = "NumbDecomposer.Domain", "NumbDecomposer.Domain\NumbDecomposer.Domain.csproj", "{90CFB1EC-33E7-4CDB-BDA1-C51AD47D1CF6}"
EndProject
Project("{FAE04EC0-301F-11D3-BF4B-00C04F79EFBC}") = "NumbDecomposer.Service.Test", "NumbDecomposer.Service.Test\NumbDecomposer.Service.Test.csproj", "{CE69D09E-7835-4BF6-89B1-D37373F98CB8}"
EndProject
Global
	GlobalSection(SolutionConfigurationPlatforms) = preSolution
		Debug|Any CPU = Debug|Any CPU
		Release|Any CPU = Release|Any CPU
	EndGlobalSection
	GlobalSection(SolutionProperties) = preSolution
		HideSolutionNode = FALSE
	EndGlobalSection
	GlobalSection(ProjectConfigurationPlatforms) = postSolution
		{53D792ED-1931-449B-90C8-3936182EDB0E}.Debug|Any CPU.ActiveCfg = Debug|Any CPU
		{53D792ED-1931-449B-90C8-3936182EDB0E}.Debug|Any CPU.Build.0 = Debug|Any CPU
		{53D792ED-1931-449B-90C8-3936182EDB0E}.Release|Any CPU.ActiveCfg = Release|Any CPU
		{53D792ED-1931-449B-90C8-3936182EDB0E}.Release|Any CPU.Build.0 = Release|Any CPU
		{90CFB1EC-33E7-4CDB-BDA1-C51AD47D1CF6}.Debug|Any CPU.ActiveCfg = Debug|Any CPU
		{90CFB1EC-33E7-4CDB-BDA1-C51AD47D1CF6}.Debug|Any CPU.Build.0 = Debug|Any CPU
		{90CFB1EC-33E7-4CDB-BDA1-C51AD47D1CF6}.Release|Any CPU.ActiveCfg = Release|Any CPU
		{90CFB1EC-33E7-4CDB-BDA1-C51AD47D1CF6}.Release|Any CPU.Build.0 = Release|Any CPU
		{CE69D09E-7835-4BF6-89B1-D37373F98CB8}.Debug|Any CPU.ActiveCfg = Debug|Any CPU
		{CE69D09E-7835-4BF6-89B1-D37373F98CB8}.Debug|Any CPU.Build.0 = Debug|Any CPU
		{CE69D09E-7835-4BF6-89B1-D37373F98CB8}.Release|Any CPU.ActiveCfg = Release|Any CPU
		{CE69D09E-7835-4BF6-89B1-D37373F98CB8}.Release|Any CPU.Build.0 = Release|Any CPU
	EndGlobalSection
EndGlobal
